{
  "version": 4,
  "terraform_version": "1.6.4",
  "serial": 17,
  "lineage": "4681408b-6fe4-b0bc-c34f-9324e9fc1856",
  "outputs": {},
  "resources": [
    {
      "mode": "data",
      "type": "google_firebase_web_app_config",
      "name": "example",
      "provider": "provider[\"registry.terraform.io/hashicorp/google-beta\"]",
      "instances": [
        {
          "schema_version": 0,
          "attributes": {
            "api_key": "AIzaSyBagDX-bfthff_rewnYW4Kqa05nSkpQTd0",
            "auth_domain": "sample-firebase-ai-app-16a55.firebaseapp.com",
            "database_url": "",
            "id": "1:485079004206:web:598d1334ddbb066bacdbbf",
            "location_id": "",
            "measurement_id": "",
            "messaging_sender_id": "485079004206",
            "project": "sample-firebase-ai-app-16a55",
            "storage_bucket": "sample-firebase-ai-app-16a55.firebasestorage.app",
            "web_app_id": "1:485079004206:web:598d1334ddbb066bacdbbf"
          },
          "sensitive_attributes": []
        }
      ]
    },
    {
      "mode": "data",
      "type": "google_project",
      "name": "project",
      "provider": "provider[\"registry.terraform.io/hashicorp/google-beta\"]",
      "instances": [
        {
          "schema_version": 0,
          "attributes": {
            "auto_create_network": null,
            "billing_account": null,
            "deletion_policy": "DELETE",
            "effective_labels": {
              "firebase": "enabled",
              "firebase-core": "disabled"
            },
            "folder_id": null,
            "id": "projects/sample-firebase-ai-app-16a55",
            "labels": {
              "firebase": "enabled",
              "firebase-core": "disabled"
            },
            "name": "Sample Firebase AI App",
            "number": "485079004206",
            "org_id": null,
            "project_id": "sample-firebase-ai-app-16a55",
            "skip_delete": null,
            "terraform_labels": {
              "firebase": "enabled",
              "firebase-core": "disabled"
            }
          },
          "sensitive_attributes": []
        }
      ]
    },
    {
      "mode": "managed",
      "type": "google_apikeys_key",
      "name": "generativelanguage",
      "provider": "provider[\"registry.terraform.io/hashicorp/google-beta\"]",
      "instances": [
        {
          "schema_version": 0,
          "attributes": {
            "display_name": "Gemini API Key",
            "id": "projects/sample-firebase-ai-app-16a55/locations/global/keys/gemini-api-key",
            "key_string": "AIzaSyDVHzquX0JL34X6W6j8u5v7kZvQ4FbSmuQ",
            "name": "gemini-api-key",
            "project": "sample-firebase-ai-app-16a55",
            "restrictions": [
              {
                "android_key_restrictions": [],
                "api_targets": [
                  {
                    "methods": [],
                    "service": "generativelanguage.googleapis.com"
                  }
                ],
                "browser_key_restrictions": [
                  {
                    "allowed_referrers": [
                      "*"
                    ]
                  }
                ],
                "ios_key_restrictions": [],
                "server_key_restrictions": []
              }
            ],
            "timeouts": null,
            "uid": "bf704848-58ee-4fb3-9187-21b079531e81"
          },
          "sensitive_attributes": [],
          "private": "eyJlMmJmYjczMC1lY2FhLTExZTYtOGY4OC0zNDM2M2JjN2M0YzAiOnsiY3JlYXRlIjoxMjAwMDAwMDAwMDAwLCJkZWxldGUiOjEyMDAwMDAwMDAwMDAsInVwZGF0ZSI6MTIwMDAwMDAwMDAwMH19",
          "dependencies": [
            "google_project_service.services"
          ]
        }
      ]
    },
    {
      "mode": "managed",
      "type": "google_firebase_web_app",
      "name": "example",
      "provider": "provider[\"registry.terraform.io/hashicorp/google-beta\"]",
      "instances": [
        {
          "schema_version": 0,
          "attributes": {
            "api_key_id": "7ae18681-d352-470b-b46d-9efc0d9d217e",
            "app_id": "1:485079004206:web:598d1334ddbb066bacdbbf",
            "app_urls": [],
            "deletion_policy": "DELETE",
            "display_name": "Make It So AI!",
            "id": "projects/sample-firebase-ai-app-16a55/webApps/1:485079004206:web:598d1334ddbb066bacdbbf",
            "name": "projects/sample-firebase-ai-app-16a55/webApps/1:485079004206:web:598d1334ddbb066bacdbbf",
            "project": "sample-firebase-ai-app-16a55",
            "timeouts": null
          },
          "sensitive_attributes": [],
          "private": "eyJlMmJmYjczMC1lY2FhLTExZTYtOGY4OC0zNDM2M2JjN2M0YzAiOnsiY3JlYXRlIjoxMjAwMDAwMDAwMDAwLCJkZWxldGUiOjEyMDAwMDAwMDAwMDAsInVwZGF0ZSI6MTIwMDAwMDAwMDAwMH19"
        }
      ]
    },
    {
      "mode": "managed",
      "type": "google_firebaserules_release",
      "name": "firestore",
      "provider": "provider[\"registry.terraform.io/hashicorp/google-beta\"]",
      "instances": [
        {
          "schema_version": 0,
          "attributes": {
            "create_time": "2025-05-17T14:30:13.482718Z",
            "disabled": false,
            "id": "projects/sample-firebase-ai-app-16a55/releases/cloud.firestore",
            "name": "cloud.firestore",
            "project": "sample-firebase-ai-app-16a55",
            "ruleset_name": "e322af08-0c1d-4a45-b446-3a67d1297d2b",
            "timeouts": null,
            "update_time": "2025-05-17T14:30:13.482718Z"
          },
          "sensitive_attributes": [],
          "private": "eyJlMmJmYjczMC1lY2FhLTExZTYtOGY4OC0zNDM2M2JjN2M0YzAiOnsiY3JlYXRlIjoxMjAwMDAwMDAwMDAwLCJkZWxldGUiOjEyMDAwMDAwMDAwMDB9fQ==",
          "dependencies": [
            "google_firebaserules_ruleset.firestore",
            "google_firestore_database.database",
            "google_project_service.services",
            "local_file.firestore_rules"
          ]
        }
      ]
    },
    {
      "mode": "managed",
      "type": "google_firebaserules_ruleset",
      "name": "firestore",
      "provider": "provider[\"registry.terraform.io/hashicorp/google-beta\"]",
      "instances": [
        {
          "schema_version": 0,
          "attributes": {
            "create_time": "2025-05-17T14:30:11.061357Z",
            "id": "projects/sample-firebase-ai-app-16a55/rulesets/e322af08-0c1d-4a45-b446-3a67d1297d2b",
            "metadata": [
              {
                "services": [
                  "cloud.firestore"
                ]
              }
            ],
            "name": "e322af08-0c1d-4a45-b446-3a67d1297d2b",
            "project": "sample-firebase-ai-app-16a55",
            "source": [
              {
                "files": [
                  {
                    "content": "service cloud.firestore {\n  match /databases/{database}/documents/{document=**} {\n    allow read, write: if request.auth != null \u0026\u0026 request.time \u003c timestamp.date(2025, 6, 16);\n  }\n}\n",
                    "fingerprint": "",
                    "name": "firestore.rules"
                  }
                ],
                "language": ""
              }
            ],
            "timeouts": null
          },
          "sensitive_attributes": [],
          "private": "eyJlMmJmYjczMC1lY2FhLTExZTYtOGY4OC0zNDM2M2JjN2M0YzAiOnsiY3JlYXRlIjoxMjAwMDAwMDAwMDAwLCJkZWxldGUiOjEyMDAwMDAwMDAwMDB9fQ==",
          "dependencies": [
            "google_firestore_database.database",
            "google_project_service.services",
            "local_file.firestore_rules"
          ]
        }
      ]
    },
    {
      "mode": "managed",
      "type": "google_firestore_database",
      "name": "database",
      "provider": "provider[\"registry.terraform.io/hashicorp/google-beta\"]",
      "instances": [
        {
          "schema_version": 0,
          "attributes": {
            "app_engine_integration_mode": "DISABLED",
            "cmek_config": [],
            "concurrency_mode": "PESSIMISTIC",
            "create_time": "",
            "delete_protection_state": "DELETE_PROTECTION_DISABLED",
            "deletion_policy": "ABANDON",
            "earliest_version_time": "2025-05-17T14:29:58.886620Z",
            "etag": "IMuAqP/bqo0DMNzZjN7bqo0D",
            "id": "projects/sample-firebase-ai-app-16a55/databases/(default)",
            "key_prefix": "",
            "location_id": "nam5",
            "name": "(default)",
            "point_in_time_recovery_enablement": "POINT_IN_TIME_RECOVERY_DISABLED",
            "project": "sample-firebase-ai-app-16a55",
            "timeouts": null,
            "type": "FIRESTORE_NATIVE",
            "uid": "7dac1ce8-8dac-473f-b57f-d28612c5ec85",
            "update_time": "",
            "version_retention_period": "3600s"
          },
          "sensitive_attributes": [],
          "private": "eyJlMmJmYjczMC1lY2FhLTExZTYtOGY4OC0zNDM2M2JjN2M0YzAiOnsiY3JlYXRlIjoxMjAwMDAwMDAwMDAwLCJkZWxldGUiOjEyMDAwMDAwMDAwMDAsInVwZGF0ZSI6MTIwMDAwMDAwMDAwMH19",
          "dependencies": [
            "google_project_service.services"
          ]
        }
      ]
    },
    {
      "mode": "managed",
      "type": "google_project_service",
      "name": "services",
      "provider": "provider[\"registry.terraform.io/hashicorp/google-beta\"]",
      "instances": [
        {
          "index_key": "apikeys.googleapis.com",
          "schema_version": 0,
          "attributes": {
            "check_if_service_has_usage_on_destroy": false,
            "disable_dependent_services": null,
            "disable_on_destroy": false,
            "id": "sample-firebase-ai-app-16a55/apikeys.googleapis.com",
            "project": "sample-firebase-ai-app-16a55",
            "service": "apikeys.googleapis.com",
            "timeouts": null
          },
          "sensitive_attributes": [],
          "private": "eyJlMmJmYjczMC1lY2FhLTExZTYtOGY4OC0zNDM2M2JjN2M0YzAiOnsiY3JlYXRlIjoxMjAwMDAwMDAwMDAwLCJkZWxldGUiOjEyMDAwMDAwMDAwMDAsInJlYWQiOjYwMDAwMDAwMDAwMCwidXBkYXRlIjoxMjAwMDAwMDAwMDAwfX0="
        },
        {
          "index_key": "firebaserules.googleapis.com",
          "schema_version": 0,
          "attributes": {
            "check_if_service_has_usage_on_destroy": false,
            "disable_dependent_services": null,
            "disable_on_destroy": false,
            "id": "sample-firebase-ai-app-16a55/firebaserules.googleapis.com",
            "project": "sample-firebase-ai-app-16a55",
            "service": "firebaserules.googleapis.com",
            "timeouts": null
          },
          "sensitive_attributes": [],
          "private": "eyJlMmJmYjczMC1lY2FhLTExZTYtOGY4OC0zNDM2M2JjN2M0YzAiOnsiY3JlYXRlIjoxMjAwMDAwMDAwMDAwLCJkZWxldGUiOjEyMDAwMDAwMDAwMDAsInJlYWQiOjYwMDAwMDAwMDAwMCwidXBkYXRlIjoxMjAwMDAwMDAwMDAwfX0="
        },
        {
          "index_key": "firestore.googleapis.com",
          "schema_version": 0,
          "attributes": {
            "check_if_service_has_usage_on_destroy": false,
            "disable_dependent_services": null,
            "disable_on_destroy": false,
            "id": "sample-firebase-ai-app-16a55/firestore.googleapis.com",
            "project": "sample-firebase-ai-app-16a55",
            "service": "firestore.googleapis.com",
            "timeouts": null
          },
          "sensitive_attributes": [],
          "private": "eyJlMmJmYjczMC1lY2FhLTExZTYtOGY4OC0zNDM2M2JjN2M0YzAiOnsiY3JlYXRlIjoxMjAwMDAwMDAwMDAwLCJkZWxldGUiOjEyMDAwMDAwMDAwMDAsInJlYWQiOjYwMDAwMDAwMDAwMCwidXBkYXRlIjoxMjAwMDAwMDAwMDAwfX0="
        },
        {
          "index_key": "generativelanguage.googleapis.com",
          "schema_version": 0,
          "attributes": {
            "check_if_service_has_usage_on_destroy": false,
            "disable_dependent_services": null,
            "disable_on_destroy": false,
            "id": "sample-firebase-ai-app-16a55/generativelanguage.googleapis.com",
            "project": "sample-firebase-ai-app-16a55",
            "service": "generativelanguage.googleapis.com",
            "timeouts": null
          },
          "sensitive_attributes": [],
          "private": "eyJlMmJmYjczMC1lY2FhLTExZTYtOGY4OC0zNDM2M2JjN2M0YzAiOnsiY3JlYXRlIjoxMjAwMDAwMDAwMDAwLCJkZWxldGUiOjEyMDAwMDAwMDAwMDAsInJlYWQiOjYwMDAwMDAwMDAwMCwidXBkYXRlIjoxMjAwMDAwMDAwMDAwfX0="
        },
        {
          "index_key": "serviceusage.googleapis.com",
          "schema_version": 0,
          "attributes": {
            "check_if_service_has_usage_on_destroy": false,
            "disable_dependent_services": null,
            "disable_on_destroy": false,
            "id": "sample-firebase-ai-app-16a55/serviceusage.googleapis.com",
            "project": "sample-firebase-ai-app-16a55",
            "service": "serviceusage.googleapis.com",
            "timeouts": null
          },
          "sensitive_attributes": [],
          "private": "eyJlMmJmYjczMC1lY2FhLTExZTYtOGY4OC0zNDM2M2JjN2M0YzAiOnsiY3JlYXRlIjoxMjAwMDAwMDAwMDAwLCJkZWxldGUiOjEyMDAwMDAwMDAwMDAsInJlYWQiOjYwMDAwMDAwMDAwMCwidXBkYXRlIjoxMjAwMDAwMDAwMDAwfX0="
        }
      ]
    },
    {
      "mode": "managed",
      "type": "google_service_usage_consumer_quota_override",
      "name": "generativelanguage",
      "provider": "provider[\"registry.terraform.io/hashicorp/google-beta\"]",
      "instances": [
        {
          "schema_version": 0,
          "attributes": {
            "dimensions": {},
            "force": true,
            "id": "projects/sample-firebase-ai-app-16a55/services/generativelanguage.googleapis.com/consumerQuotaMetrics/generativelanguage.googleapis.com%2Fgenerate_requests_per_model/limits/%2Fmin%2Fmodel%2Fproject/consumerOverrides/Cg1RdW90YU92ZXJyaWRl",
            "limit": "%2Fmin%2Fmodel%2Fproject",
            "metric": "generativelanguage.googleapis.com%2Fgenerate_requests_per_model",
            "name": "Cg1RdW90YU92ZXJyaWRl",
            "override_value": "10",
            "project": "sample-firebase-ai-app-16a55",
            "service": "generativelanguage.googleapis.com",
            "timeouts": null
          },
          "sensitive_attributes": [],
          "private": "eyJlMmJmYjczMC1lY2FhLTExZTYtOGY4OC0zNDM2M2JjN2M0YzAiOnsiY3JlYXRlIjoxMjAwMDAwMDAwMDAwLCJkZWxldGUiOjEyMDAwMDAwMDAwMDAsInVwZGF0ZSI6MTIwMDAwMDAwMDAwMH19",
          "dependencies": [
            "google_project_service.services"
          ]
        }
      ]
    },
    {
      "mode": "managed",
      "type": "local_file",
      "name": "environment_ts",
      "provider": "provider[\"registry.terraform.io/hashicorp/local\"]",
      "instances": [
        {
          "schema_version": 0,
          "attributes": {
            "content": "export const environment = {\n  firebase: {\n      apiKey: 'AIzaSyBagDX-bfthff_rewnYW4Kqa05nSkpQTd0',\n      authDomain: 'sample-firebase-ai-app-16a55.firebaseapp.com',\n      databaseURL: '',\n      projectId: 'sample-firebase-ai-app-16a55',\n      storageBucket: 'sample-firebase-ai-app-16a55.firebasestorage.app',\n      messagingSenderId: '485079004206',\n      appId: '1:485079004206:web:598d1334ddbb066bacdbbf',\n      measurementId: '',\n  },\n  gemini_api_key: 'AIzaSyDVHzquX0JL34X6W6j8u5v7kZvQ4FbSmuQ',\n  debug_token: ''\n};",
            "content_base64": null,
            "content_base64sha256": "pKg1/+la8sC9m3RaGE1Cua88wLd3PK4e8WIZs5QLW90=",
            "content_base64sha512": "3r4JnL/eJhTn0GdDtme98CxvtuI/8pG4ug7jGNRMeqx4kO8cgnjURrbRJjVHdLc9Y3+IfhUM3Ll53YTiqjKslg==",
            "content_md5": "d0fd7062f0d62cae3551fff8b3d3420c",
            "content_sha1": "7e81f552f65a5e52d2952f994b0fe4a809d0feb6",
            "content_sha256": "a4a835ffe95af2c0bd9b745a184d42b9af3cc0b7773cae1ef16219b3940b5bdd",
            "content_sha512": "debe099cbfde2614e7d06743b667bdf02c6fb6e23ff291b8ba0ee318d44c7aac7890ef1c8278d446b6d126354774b73d637f887e150cdcb979dd84e2aa32ac96",
            "directory_permission": "0777",
            "file_permission": "0777",
            "filename": "./src/environments/environments.ts",
            "id": "7e81f552f65a5e52d2952f994b0fe4a809d0feb6",
            "sensitive_content": null,
            "source": null
          },
          "sensitive_attributes": [
            [
              {
                "type": "get_attr",
                "value": "content"
              }
            ]
          ],
          "dependencies": [
            "data.google_firebase_web_app_config.example",
            "data.google_project.project",
            "google_apikeys_key.generativelanguage",
            "google_firebase_web_app.example",
            "google_project_service.services"
          ]
        }
      ]
    },
    {
      "mode": "managed",
      "type": "local_file",
      "name": "firebaserc",
      "provider": "provider[\"registry.terraform.io/hashicorp/local\"]",
      "instances": [
        {
          "schema_version": 0,
          "attributes": {
            "content": "{\"projects\":{\"default\":\"sample-firebase-ai-app-16a55\"}}",
            "content_base64": null,
            "content_base64sha256": "Rmqb/mR4wq5OTzaAF2cROJ0GQIxYnOF8CV0GGmJOuds=",
            "content_base64sha512": "7RzSJHipL0faxmaCEaEpwRNPZNjginhl5WJ4Qe+HfGg7pwjn+LUuklD5IGJBLyl2BvFXSqqYIS/i/D5Y/J0/aQ==",
            "content_md5": "b261205e0b0490f7c7496960133f51a6",
            "content_sha1": "f112469bd654b5720a689947562898624f1c6aa8",
            "content_sha256": "466a9bfe6478c2ae4e4f3680176711389d06408c589ce17c095d061a624eb9db",
            "content_sha512": "ed1cd22478a92f47dac6668211a129c1134f64d8e08a7865e5627841ef877c683ba708e7f8b52e9250f92062412f297606f1574aaa98212fe2fc3e58fc9d3f69",
            "directory_permission": "0777",
            "file_permission": "0777",
            "filename": "./.firebaserc",
            "id": "f112469bd654b5720a689947562898624f1c6aa8",
            "sensitive_content": null,
            "source": null
          },
          "sensitive_attributes": []
        }
      ]
    },
    {
      "mode": "managed",
      "type": "local_file",
      "name": "firestore_rules",
      "provider": "provider[\"registry.terraform.io/hashicorp/local\"]",
      "instances": [
        {
          "schema_version": 0,
          "attributes": {
            "content": "service cloud.firestore {\n  match /databases/{database}/documents/{document=**} {\n    allow read, write: if request.auth != null \u0026\u0026 request.time \u003c timestamp.date(2025, 6, 16);\n  }\n}\n",
            "content_base64": null,
            "content_base64sha256": "3Bp6FHZRNphNeFfrSDyz7XuGS0DRLL5R/3lxDIFG6Gg=",
            "content_base64sha512": "PqMQcif5Uv197GkvtiwFUeC7tQ4qxmbkKrZx6LRmalzQCFMItD9kJXEPNQqa561+1oV3j1iLvaG1x2P4vUOxBA==",
            "content_md5": "0bebd90f1c9335ac79c6da7830a047b7",
            "content_sha1": "c20b49f525ac92cc2c6e91cf1d3492066ec26ac3",
            "content_sha256": "dc1a7a14765136984d7857eb483cb3ed7b864b40d12cbe51ff79710c8146e868",
            "content_sha512": "3ea3107227f952fd7dec692fb62c0551e0bbb50e2ac666e42ab671e8b4666a5cd0085308b43f6425710f350a9ae7ad7ed685778f588bbda1b5c763f8bd43b104",
            "directory_permission": "0777",
            "file_permission": "0777",
            "filename": "./firestore.rules",
            "id": "c20b49f525ac92cc2c6e91cf1d3492066ec26ac3",
            "sensitive_content": null,
            "source": null
          },
          "sensitive_attributes": []
        }
      ]
    }
  ],
  "check_results": null
}
